// !$*UTF8*$!
{
	archiveVersion = 1;
	classes = {
	};
	objectVersion = 46;
	objects = {

/* Begin PBXBuildFile section */
		049193511F0B31BC00DCD7F2 /* DYPOISearchViewController.m in Sources */ = {isa = PBXBuildFile; fileRef = 049193501F0B31BC00DCD7F2 /* DYPOISearchViewController.m */; };
		049193631F0B6D1D00DCD7F2 /* CommonUtility.m in Sources */ = {isa = PBXBuildFile; fileRef = 049193541F0B6D1D00DCD7F2 /* CommonUtility.m */; };
		049193641F0B6D1D00DCD7F2 /* ErrorInfoUtility.m in Sources */ = {isa = PBXBuildFile; fileRef = 049193561F0B6D1D00DCD7F2 /* ErrorInfoUtility.m */; };
		049193651F0B6D1D00DCD7F2 /* ALView+PureLayout.m in Sources */ = {isa = PBXBuildFile; fileRef = 049193591F0B6D1D00DCD7F2 /* ALView+PureLayout.m */; };
		049193661F0B6D1D00DCD7F2 /* NSArray+PureLayout.m in Sources */ = {isa = PBXBuildFile; fileRef = 0491935B1F0B6D1D00DCD7F2 /* NSArray+PureLayout.m */; };
		049193671F0B6D1D00DCD7F2 /* NSLayoutConstraint+PureLayout.m in Sources */ = {isa = PBXBuildFile; fileRef = 0491935D1F0B6D1D00DCD7F2 /* NSLayoutConstraint+PureLayout.m */; };
		049193681F0B6D1D00DCD7F2 /* UIView+Toast.m in Sources */ = {isa = PBXBuildFile; fileRef = 049193621F0B6D1D00DCD7F2 /* UIView+Toast.m */; };
		0491936B1F0B79D700DCD7F2 /* MBProgressHUD.m in Sources */ = {isa = PBXBuildFile; fileRef = 0491936A1F0B79D700DCD7F2 /* MBProgressHUD.m */; };
		0491936E1F0C781200DCD7F2 /* DYTipViewController.m in Sources */ = {isa = PBXBuildFile; fileRef = 0491936D1F0C781200DCD7F2 /* DYTipViewController.m */; };
		049193711F0C8E9D00DCD7F2 /* DYTipAnnotation.m in Sources */ = {isa = PBXBuildFile; fileRef = 049193701F0C8E9D00DCD7F2 /* DYTipAnnotation.m */; };
		049193791F0C982900DCD7F2 /* DYGeoViewController.m in Sources */ = {isa = PBXBuildFile; fileRef = 049193781F0C982900DCD7F2 /* DYGeoViewController.m */; };
		0491937C1F0CCE0C00DCD7F2 /* DYInvertGeoViewController.m in Sources */ = {isa = PBXBuildFile; fileRef = 0491937B1F0CCE0C00DCD7F2 /* DYInvertGeoViewController.m */; };
		0491937F1F0CF47300DCD7F2 /* DYReGeoDetailViewController.m in Sources */ = {isa = PBXBuildFile; fileRef = 0491937E1F0CF47300DCD7F2 /* DYReGeoDetailViewController.m */; };
		049193891F0E283B00DCD7F2 /* LineDashPolyline.m in Sources */ = {isa = PBXBuildFile; fileRef = 049193821F0E283B00DCD7F2 /* LineDashPolyline.m */; };
		0491938A1F0E283B00DCD7F2 /* MANaviAnnotation.m in Sources */ = {isa = PBXBuildFile; fileRef = 049193841F0E283B00DCD7F2 /* MANaviAnnotation.m */; };
		0491938B1F0E283B00DCD7F2 /* MANaviPolyline.m in Sources */ = {isa = PBXBuildFile; fileRef = 049193861F0E283B00DCD7F2 /* MANaviPolyline.m */; };
		0491938C1F0E283B00DCD7F2 /* MANaviRoute.m in Sources */ = {isa = PBXBuildFile; fileRef = 049193881F0E283B00DCD7F2 /* MANaviRoute.m */; };
		049193901F1D9BFF00DCD7F2 /* DYFileViewController.m in Sources */ = {isa = PBXBuildFile; fileRef = 0491938F1F1D9BFF00DCD7F2 /* DYFileViewController.m */; };
		04BE6FB51F09E481006F5ADA /* DYFenceViewController.m in Sources */ = {isa = PBXBuildFile; fileRef = 04BE6FB41F09E481006F5ADA /* DYFenceViewController.m */; };
		04BE6FB81F09EED1006F5ADA /* DYLocationManager.m in Sources */ = {isa = PBXBuildFile; fileRef = 04BE6FB71F09EED1006F5ADA /* DYLocationManager.m */; };
		04F816261F09C9D700D43A7C /* main.m in Sources */ = {isa = PBXBuildFile; fileRef = 04F816251F09C9D700D43A7C /* main.m */; };
		04F816291F09C9D700D43A7C /* AppDelegate.m in Sources */ = {isa = PBXBuildFile; fileRef = 04F816281F09C9D700D43A7C /* AppDelegate.m */; };
		04F8162C1F09C9D700D43A7C /* ViewController.m in Sources */ = {isa = PBXBuildFile; fileRef = 04F8162B1F09C9D700D43A7C /* ViewController.m */; };
		04F8162F1F09C9D700D43A7C /* Main.storyboard in Resources */ = {isa = PBXBuildFile; fileRef = 04F8162D1F09C9D700D43A7C /* Main.storyboard */; };
		04F816311F09C9D700D43A7C /* Assets.xcassets in Resources */ = {isa = PBXBuildFile; fileRef = 04F816301F09C9D700D43A7C /* Assets.xcassets */; };
		04F816341F09C9D700D43A7C /* LaunchScreen.storyboard in Resources */ = {isa = PBXBuildFile; fileRef = 04F816321F09C9D700D43A7C /* LaunchScreen.storyboard */; };
		04F8163F1F09C9D700D43A7C /* ZucheDemoTests.m in Sources */ = {isa = PBXBuildFile; fileRef = 04F8163E1F09C9D700D43A7C /* ZucheDemoTests.m */; };
		04F8164A1F09C9D700D43A7C /* ZucheDemoUITests.m in Sources */ = {isa = PBXBuildFile; fileRef = 04F816491F09C9D700D43A7C /* ZucheDemoUITests.m */; };
		A956BC6EB63EC05B8E89B165 /* libPods-ZucheDemo.a in Frameworks */ = {isa = PBXBuildFile; fileRef = 5CEEFF25675C20D103C0021C /* libPods-ZucheDemo.a */; };
		E420C90A1F0E112D00D146B9 /* DYRouteViewController.m in Sources */ = {isa = PBXBuildFile; fileRef = E420C9091F0E112D00D146B9 /* DYRouteViewController.m */; };
		E420C90E1F0F691B00D146B9 /* DYNaviViewController.m in Sources */ = {isa = PBXBuildFile; fileRef = E420C90D1F0F691B00D146B9 /* DYNaviViewController.m */; };
		E420C9111F0F8CA800D146B9 /* SpeechSynthesizer.m in Sources */ = {isa = PBXBuildFile; fileRef = E420C9101F0F8CA800D146B9 /* SpeechSynthesizer.m */; };
		E4542B8B1F131486001F98C2 /* DYMoreView.xib in Resources */ = {isa = PBXBuildFile; fileRef = E4542B8A1F131486001F98C2 /* DYMoreView.xib */; };
		E4542B8E1F1316F3001F98C2 /* DYMoreMenuView.m in Sources */ = {isa = PBXBuildFile; fileRef = E4542B8D1F1316F3001F98C2 /* DYMoreMenuView.m */; };
		E4542B901F15AC94001F98C2 /* jsTest.html in Resources */ = {isa = PBXBuildFile; fileRef = E4542B8F1F15AC94001F98C2 /* jsTest.html */; };
		E4542B941F15AD14001F98C2 /* DYWebViewController.m in Sources */ = {isa = PBXBuildFile; fileRef = E4542B931F15AD14001F98C2 /* DYWebViewController.m */; };
		E4542B971F15B2A5001F98C2 /* DYJSObject.m in Sources */ = {isa = PBXBuildFile; fileRef = E4542B961F15B2A5001F98C2 /* DYJSObject.m */; };
		E4542B9A1F1613E1001F98C2 /* NSObject+JSContext.m in Sources */ = {isa = PBXBuildFile; fileRef = E4542B991F1613E1001F98C2 /* NSObject+JSContext.m */; };
		E467E1591F17011C00D3A310 /* DYNotificationViewController.m in Sources */ = {isa = PBXBuildFile; fileRef = E467E1581F17011C00D3A310 /* DYNotificationViewController.m */; };
/* End PBXBuildFile section */

/* Begin PBXContainerItemProxy section */
		04F8163B1F09C9D700D43A7C /* PBXContainerItemProxy */ = {
			isa = PBXContainerItemProxy;
			containerPortal = 04F816191F09C9D600D43A7C /* Project object */;
			proxyType = 1;
			remoteGlobalIDString = 04F816201F09C9D600D43A7C;
			remoteInfo = ZucheDemo;
		};
		04F816461F09C9D700D43A7C /* PBXContainerItemProxy */ = {
			isa = PBXContainerItemProxy;
			containerPortal = 04F816191F09C9D600D43A7C /* Project object */;
			proxyType = 1;
			remoteGlobalIDString = 04F816201F09C9D600D43A7C;
			remoteInfo = ZucheDemo;
		};
/* End PBXContainerItemProxy section */

/* Begin PBXFileReference section */
		045DDA851F09CED900F62FB6 /* PrefixHeader.pch */ = {isa = PBXFileReference; lastKnownFileType = sourcecode.c.h; path = PrefixHeader.pch; sourceTree = "<group>"; };
		0491934F1F0B31BC00DCD7F2 /* DYPOISearchViewController.h */ = {isa = PBXFileReference; fileEncoding = 4; lastKnownFileType = sourcecode.c.h; path = DYPOISearchViewController.h; sourceTree = "<group>"; };
		049193501F0B31BC00DCD7F2 /* DYPOISearchViewController.m */ = {isa = PBXFileReference; fileEncoding = 4; lastKnownFileType = sourcecode.c.objc; path = DYPOISearchViewController.m; sourceTree = "<group>"; };
		049193531F0B6D1D00DCD7F2 /* CommonUtility.h */ = {isa = PBXFileReference; fileEncoding = 4; lastKnownFileType = sourcecode.c.h; path = CommonUtility.h; sourceTree = "<group>"; };
		049193541F0B6D1D00DCD7F2 /* CommonUtility.m */ = {isa = PBXFileReference; fileEncoding = 4; lastKnownFileType = sourcecode.c.objc; path = CommonUtility.m; sourceTree = "<group>"; };
		049193551F0B6D1D00DCD7F2 /* ErrorInfoUtility.h */ = {isa = PBXFileReference; fileEncoding = 4; lastKnownFileType = sourcecode.c.h; path = ErrorInfoUtility.h; sourceTree = "<group>"; };
		049193561F0B6D1D00DCD7F2 /* ErrorInfoUtility.m */ = {isa = PBXFileReference; fileEncoding = 4; lastKnownFileType = sourcecode.c.objc; path = ErrorInfoUtility.m; sourceTree = "<group>"; };
		049193581F0B6D1D00DCD7F2 /* ALView+PureLayout.h */ = {isa = PBXFileReference; fileEncoding = 4; lastKnownFileType = sourcecode.c.h; path = "ALView+PureLayout.h"; sourceTree = "<group>"; };
		049193591F0B6D1D00DCD7F2 /* ALView+PureLayout.m */ = {isa = PBXFileReference; fileEncoding = 4; lastKnownFileType = sourcecode.c.objc; path = "ALView+PureLayout.m"; sourceTree = "<group>"; };
		0491935A1F0B6D1D00DCD7F2 /* NSArray+PureLayout.h */ = {isa = PBXFileReference; fileEncoding = 4; lastKnownFileType = sourcecode.c.h; path = "NSArray+PureLayout.h"; sourceTree = "<group>"; };
		0491935B1F0B6D1D00DCD7F2 /* NSArray+PureLayout.m */ = {isa = PBXFileReference; fileEncoding = 4; lastKnownFileType = sourcecode.c.objc; path = "NSArray+PureLayout.m"; sourceTree = "<group>"; };
		0491935C1F0B6D1D00DCD7F2 /* NSLayoutConstraint+PureLayout.h */ = {isa = PBXFileReference; fileEncoding = 4; lastKnownFileType = sourcecode.c.h; path = "NSLayoutConstraint+PureLayout.h"; sourceTree = "<group>"; };
		0491935D1F0B6D1D00DCD7F2 /* NSLayoutConstraint+PureLayout.m */ = {isa = PBXFileReference; fileEncoding = 4; lastKnownFileType = sourcecode.c.objc; path = "NSLayoutConstraint+PureLayout.m"; sourceTree = "<group>"; };
		0491935E1F0B6D1D00DCD7F2 /* PureLayout+Internal.h */ = {isa = PBXFileReference; fileEncoding = 4; lastKnownFileType = sourcecode.c.h; path = "PureLayout+Internal.h"; sourceTree = "<group>"; };
		0491935F1F0B6D1D00DCD7F2 /* PureLayout.h */ = {isa = PBXFileReference; fileEncoding = 4; lastKnownFileType = sourcecode.c.h; path = PureLayout.h; sourceTree = "<group>"; };
		049193601F0B6D1D00DCD7F2 /* PureLayoutDefines.h */ = {isa = PBXFileReference; fileEncoding = 4; lastKnownFileType = sourcecode.c.h; path = PureLayoutDefines.h; sourceTree = "<group>"; };
		049193611F0B6D1D00DCD7F2 /* UIView+Toast.h */ = {isa = PBXFileReference; fileEncoding = 4; lastKnownFileType = sourcecode.c.h; path = "UIView+Toast.h"; sourceTree = "<group>"; };
		049193621F0B6D1D00DCD7F2 /* UIView+Toast.m */ = {isa = PBXFileReference; fileEncoding = 4; lastKnownFileType = sourcecode.c.objc; path = "UIView+Toast.m"; sourceTree = "<group>"; };
		049193691F0B79D700DCD7F2 /* MBProgressHUD.h */ = {isa = PBXFileReference; fileEncoding = 4; lastKnownFileType = sourcecode.c.h; path = MBProgressHUD.h; sourceTree = "<group>"; };
		0491936A1F0B79D700DCD7F2 /* MBProgressHUD.m */ = {isa = PBXFileReference; fileEncoding = 4; lastKnownFileType = sourcecode.c.objc; path = MBProgressHUD.m; sourceTree = "<group>"; };
		0491936C1F0C781200DCD7F2 /* DYTipViewController.h */ = {isa = PBXFileReference; fileEncoding = 4; lastKnownFileType = sourcecode.c.h; path = DYTipViewController.h; sourceTree = "<group>"; };
		0491936D1F0C781200DCD7F2 /* DYTipViewController.m */ = {isa = PBXFileReference; fileEncoding = 4; lastKnownFileType = sourcecode.c.objc; path = DYTipViewController.m; sourceTree = "<group>"; };
		0491936F1F0C8E9D00DCD7F2 /* DYTipAnnotation.h */ = {isa = PBXFileReference; fileEncoding = 4; lastKnownFileType = sourcecode.c.h; path = DYTipAnnotation.h; sourceTree = "<group>"; };
		049193701F0C8E9D00DCD7F2 /* DYTipAnnotation.m */ = {isa = PBXFileReference; fileEncoding = 4; lastKnownFileType = sourcecode.c.objc; path = DYTipAnnotation.m; sourceTree = "<group>"; };
		049193771F0C982900DCD7F2 /* DYGeoViewController.h */ = {isa = PBXFileReference; fileEncoding = 4; lastKnownFileType = sourcecode.c.h; path = DYGeoViewController.h; sourceTree = "<group>"; };
		049193781F0C982900DCD7F2 /* DYGeoViewController.m */ = {isa = PBXFileReference; fileEncoding = 4; lastKnownFileType = sourcecode.c.objc; path = DYGeoViewController.m; sourceTree = "<group>"; };
		0491937A1F0CCE0C00DCD7F2 /* DYInvertGeoViewController.h */ = {isa = PBXFileReference; fileEncoding = 4; lastKnownFileType = sourcecode.c.h; path = DYInvertGeoViewController.h; sourceTree = "<group>"; };
		0491937B1F0CCE0C00DCD7F2 /* DYInvertGeoViewController.m */ = {isa = PBXFileReference; fileEncoding = 4; lastKnownFileType = sourcecode.c.objc; path = DYInvertGeoViewController.m; sourceTree = "<group>"; };
		0491937D1F0CF47300DCD7F2 /* DYReGeoDetailViewController.h */ = {isa = PBXFileReference; fileEncoding = 4; lastKnownFileType = sourcecode.c.h; path = DYReGeoDetailViewController.h; sourceTree = "<group>"; };
		0491937E1F0CF47300DCD7F2 /* DYReGeoDetailViewController.m */ = {isa = PBXFileReference; fileEncoding = 4; lastKnownFileType = sourcecode.c.objc; path = DYReGeoDetailViewController.m; sourceTree = "<group>"; };
		049193811F0E283B00DCD7F2 /* LineDashPolyline.h */ = {isa = PBXFileReference; fileEncoding = 4; lastKnownFileType = sourcecode.c.h; path = LineDashPolyline.h; sourceTree = "<group>"; };
		049193821F0E283B00DCD7F2 /* LineDashPolyline.m */ = {isa = PBXFileReference; fileEncoding = 4; lastKnownFileType = sourcecode.c.objc; path = LineDashPolyline.m; sourceTree = "<group>"; };
		049193831F0E283B00DCD7F2 /* MANaviAnnotation.h */ = {isa = PBXFileReference; fileEncoding = 4; lastKnownFileType = sourcecode.c.h; path = MANaviAnnotation.h; sourceTree = "<group>"; };
		049193841F0E283B00DCD7F2 /* MANaviAnnotation.m */ = {isa = PBXFileReference; fileEncoding = 4; lastKnownFileType = sourcecode.c.objc; path = MANaviAnnotation.m; sourceTree = "<group>"; };
		049193851F0E283B00DCD7F2 /* MANaviPolyline.h */ = {isa = PBXFileReference; fileEncoding = 4; lastKnownFileType = sourcecode.c.h; path = MANaviPolyline.h; sourceTree = "<group>"; };
		049193861F0E283B00DCD7F2 /* MANaviPolyline.m */ = {isa = PBXFileReference; fileEncoding = 4; lastKnownFileType = sourcecode.c.objc; path = MANaviPolyline.m; sourceTree = "<group>"; };
		049193871F0E283B00DCD7F2 /* MANaviRoute.h */ = {isa = PBXFileReference; fileEncoding = 4; lastKnownFileType = sourcecode.c.h; path = MANaviRoute.h; sourceTree = "<group>"; };
		049193881F0E283B00DCD7F2 /* MANaviRoute.m */ = {isa = PBXFileReference; fileEncoding = 4; lastKnownFileType = sourcecode.c.objc; path = MANaviRoute.m; sourceTree = "<group>"; };
		0491938E1F1D9BFF00DCD7F2 /* DYFileViewController.h */ = {isa = PBXFileReference; fileEncoding = 4; lastKnownFileType = sourcecode.c.h; path = DYFileViewController.h; sourceTree = "<group>"; };
		0491938F1F1D9BFF00DCD7F2 /* DYFileViewController.m */ = {isa = PBXFileReference; fileEncoding = 4; lastKnownFileType = sourcecode.c.objc; path = DYFileViewController.m; sourceTree = "<group>"; };
		04BE6FB31F09E481006F5ADA /* DYFenceViewController.h */ = {isa = PBXFileReference; fileEncoding = 4; lastKnownFileType = sourcecode.c.h; path = DYFenceViewController.h; sourceTree = "<group>"; };
		04BE6FB41F09E481006F5ADA /* DYFenceViewController.m */ = {isa = PBXFileReference; fileEncoding = 4; lastKnownFileType = sourcecode.c.objc; path = DYFenceViewController.m; sourceTree = "<group>"; };
		04BE6FB61F09EED1006F5ADA /* DYLocationManager.h */ = {isa = PBXFileReference; fileEncoding = 4; lastKnownFileType = sourcecode.c.h; path = DYLocationManager.h; sourceTree = "<group>"; };
		04BE6FB71F09EED1006F5ADA /* DYLocationManager.m */ = {isa = PBXFileReference; fileEncoding = 4; lastKnownFileType = sourcecode.c.objc; path = DYLocationManager.m; sourceTree = "<group>"; };
		04F816211F09C9D700D43A7C /* ZucheDemo.app */ = {isa = PBXFileReference; explicitFileType = wrapper.application; includeInIndex = 0; path = ZucheDemo.app; sourceTree = BUILT_PRODUCTS_DIR; };
		04F816251F09C9D700D43A7C /* main.m */ = {isa = PBXFileReference; lastKnownFileType = sourcecode.c.objc; path = main.m; sourceTree = "<group>"; };
		04F816271F09C9D700D43A7C /* AppDelegate.h */ = {isa = PBXFileReference; lastKnownFileType = sourcecode.c.h; path = AppDelegate.h; sourceTree = "<group>"; };
		04F816281F09C9D700D43A7C /* AppDelegate.m */ = {isa = PBXFileReference; lastKnownFileType = sourcecode.c.objc; path = AppDelegate.m; sourceTree = "<group>"; };
		04F8162A1F09C9D700D43A7C /* ViewController.h */ = {isa = PBXFileReference; lastKnownFileType = sourcecode.c.h; path = ViewController.h; sourceTree = "<group>"; };
		04F8162B1F09C9D700D43A7C /* ViewController.m */ = {isa = PBXFileReference; lastKnownFileType = sourcecode.c.objc; path = ViewController.m; sourceTree = "<group>"; };
		04F8162E1F09C9D700D43A7C /* Base */ = {isa = PBXFileReference; lastKnownFileType = file.storyboard; name = Base; path = Base.lproj/Main.storyboard; sourceTree = "<group>"; };
		04F816301F09C9D700D43A7C /* Assets.xcassets */ = {isa = PBXFileReference; lastKnownFileType = folder.assetcatalog; path = Assets.xcassets; sourceTree = "<group>"; };
		04F816331F09C9D700D43A7C /* Base */ = {isa = PBXFileReference; lastKnownFileType = file.storyboard; name = Base; path = Base.lproj/LaunchScreen.storyboard; sourceTree = "<group>"; };
		04F816351F09C9D700D43A7C /* Info.plist */ = {isa = PBXFileReference; lastKnownFileType = text.plist.xml; path = Info.plist; sourceTree = "<group>"; };
		04F8163A1F09C9D700D43A7C /* ZucheDemoTests.xctest */ = {isa = PBXFileReference; explicitFileType = wrapper.cfbundle; includeInIndex = 0; path = ZucheDemoTests.xctest; sourceTree = BUILT_PRODUCTS_DIR; };
		04F8163E1F09C9D700D43A7C /* ZucheDemoTests.m */ = {isa = PBXFileReference; lastKnownFileType = sourcecode.c.objc; path = ZucheDemoTests.m; sourceTree = "<group>"; };
		04F816401F09C9D700D43A7C /* Info.plist */ = {isa = PBXFileReference; lastKnownFileType = text.plist.xml; path = Info.plist; sourceTree = "<group>"; };
		04F816451F09C9D700D43A7C /* ZucheDemoUITests.xctest */ = {isa = PBXFileReference; explicitFileType = wrapper.cfbundle; includeInIndex = 0; path = ZucheDemoUITests.xctest; sourceTree = BUILT_PRODUCTS_DIR; };
		04F816491F09C9D700D43A7C /* ZucheDemoUITests.m */ = {isa = PBXFileReference; lastKnownFileType = sourcecode.c.objc; path = ZucheDemoUITests.m; sourceTree = "<group>"; };
		04F8164B1F09C9D700D43A7C /* Info.plist */ = {isa = PBXFileReference; lastKnownFileType = text.plist.xml; path = Info.plist; sourceTree = "<group>"; };
		3FC52D66966C8E5B6E9DB231 /* Pods-ZucheDemo.debug.xcconfig */ = {isa = PBXFileReference; includeInIndex = 1; lastKnownFileType = text.xcconfig; name = "Pods-ZucheDemo.debug.xcconfig"; path = "Pods/Target Support Files/Pods-ZucheDemo/Pods-ZucheDemo.debug.xcconfig"; sourceTree = "<group>"; };
		5CEEFF25675C20D103C0021C /* libPods-ZucheDemo.a */ = {isa = PBXFileReference; explicitFileType = archive.ar; includeInIndex = 0; path = "libPods-ZucheDemo.a"; sourceTree = BUILT_PRODUCTS_DIR; };
		B073A2567E70681EC1F81685 /* Pods-ZucheDemo.release.xcconfig */ = {isa = PBXFileReference; includeInIndex = 1; lastKnownFileType = text.xcconfig; name = "Pods-ZucheDemo.release.xcconfig"; path = "Pods/Target Support Files/Pods-ZucheDemo/Pods-ZucheDemo.release.xcconfig"; sourceTree = "<group>"; };
		E420C9081F0E112D00D146B9 /* DYRouteViewController.h */ = {isa = PBXFileReference; fileEncoding = 4; lastKnownFileType = sourcecode.c.h; path = DYRouteViewController.h; sourceTree = "<group>"; };
		E420C9091F0E112D00D146B9 /* DYRouteViewController.m */ = {isa = PBXFileReference; fileEncoding = 4; lastKnownFileType = sourcecode.c.objc; path = DYRouteViewController.m; sourceTree = "<group>"; };
		E420C90C1F0F691B00D146B9 /* DYNaviViewController.h */ = {isa = PBXFileReference; fileEncoding = 4; lastKnownFileType = sourcecode.c.h; path = DYNaviViewController.h; sourceTree = "<group>"; };
		E420C90D1F0F691B00D146B9 /* DYNaviViewController.m */ = {isa = PBXFileReference; fileEncoding = 4; lastKnownFileType = sourcecode.c.objc; path = DYNaviViewController.m; sourceTree = "<group>"; };
		E420C90F1F0F8CA800D146B9 /* SpeechSynthesizer.h */ = {isa = PBXFileReference; fileEncoding = 4; lastKnownFileType = sourcecode.c.h; path = SpeechSynthesizer.h; sourceTree = "<group>"; };
		E420C9101F0F8CA800D146B9 /* SpeechSynthesizer.m */ = {isa = PBXFileReference; fileEncoding = 4; lastKnownFileType = sourcecode.c.objc; path = SpeechSynthesizer.m; sourceTree = "<group>"; };
		E4542B8A1F131486001F98C2 /* DYMoreView.xib */ = {isa = PBXFileReference; fileEncoding = 4; lastKnownFileType = file.xib; path = DYMoreView.xib; sourceTree = "<group>"; };
		E4542B8C1F1316F3001F98C2 /* DYMoreMenuView.h */ = {isa = PBXFileReference; fileEncoding = 4; lastKnownFileType = sourcecode.c.h; path = DYMoreMenuView.h; sourceTree = "<group>"; };
		E4542B8D1F1316F3001F98C2 /* DYMoreMenuView.m */ = {isa = PBXFileReference; fileEncoding = 4; lastKnownFileType = sourcecode.c.objc; path = DYMoreMenuView.m; sourceTree = "<group>"; };
		E4542B8F1F15AC94001F98C2 /* jsTest.html */ = {isa = PBXFileReference; fileEncoding = 4; lastKnownFileType = text.html; path = jsTest.html; sourceTree = "<group>"; };
		E4542B921F15AD14001F98C2 /* DYWebViewController.h */ = {isa = PBXFileReference; fileEncoding = 4; lastKnownFileType = sourcecode.c.h; path = DYWebViewController.h; sourceTree = "<group>"; };
		E4542B931F15AD14001F98C2 /* DYWebViewController.m */ = {isa = PBXFileReference; fileEncoding = 4; lastKnownFileType = sourcecode.c.objc; path = DYWebViewController.m; sourceTree = "<group>"; };
		E4542B951F15B2A5001F98C2 /* DYJSObject.h */ = {isa = PBXFileReference; fileEncoding = 4; lastKnownFileType = sourcecode.c.h; path = DYJSObject.h; sourceTree = "<group>"; };
		E4542B961F15B2A5001F98C2 /* DYJSObject.m */ = {isa = PBXFileReference; fileEncoding = 4; lastKnownFileType = sourcecode.c.objc; path = DYJSObject.m; sourceTree = "<group>"; };
		E4542B981F1613E1001F98C2 /* NSObject+JSContext.h */ = {isa = PBXFileReference; fileEncoding = 4; lastKnownFileType = sourcecode.c.h; path = "NSObject+JSContext.h"; sourceTree = "<group>"; };
		E4542B991F1613E1001F98C2 /* NSObject+JSContext.m */ = {isa = PBXFileReference; fileEncoding = 4; lastKnownFileType = sourcecode.c.objc; path = "NSObject+JSContext.m"; sourceTree = "<group>"; };
		E467E1571F17011C00D3A310 /* DYNotificationViewController.h */ = {isa = PBXFileReference; fileEncoding = 4; lastKnownFileType = sourcecode.c.h; path = DYNotificationViewController.h; sourceTree = "<group>"; };
		E467E1581F17011C00D3A310 /* DYNotificationViewController.m */ = {isa = PBXFileReference; fileEncoding = 4; lastKnownFileType = sourcecode.c.objc; path = DYNotificationViewController.m; sourceTree = "<group>"; };
		E467E15A1F17543D00D3A310 /* ZucheDemo.entitlements */ = {isa = PBXFileReference; lastKnownFileType = text.plist.entitlements; path = ZucheDemo.entitlements; sourceTree = "<group>"; };
/* End PBXFileReference section */

/* Begin PBXFrameworksBuildPhase section */
		04F8161E1F09C9D600D43A7C /* Frameworks */ = {
			isa = PBXFrameworksBuildPhase;
			buildActionMask = 2147483647;
			files = (
				A956BC6EB63EC05B8E89B165 /* libPods-ZucheDemo.a in Frameworks */,
			);
			runOnlyForDeploymentPostprocessing = 0;
		};
		04F816371F09C9D700D43A7C /* Frameworks */ = {
			isa = PBXFrameworksBuildPhase;
			buildActionMask = 2147483647;
			files = (
			);
			runOnlyForDeploymentPostprocessing = 0;
		};
		04F816421F09C9D700D43A7C /* Frameworks */ = {
			isa = PBXFrameworksBuildPhase;
			buildActionMask = 2147483647;
			files = (
			);
			runOnlyForDeploymentPostprocessing = 0;
		};
/* End PBXFrameworksBuildPhase section */

/* Begin PBXGroup section */
		049193521F0B6D1D00DCD7F2 /* Utility */ = {
			isa = PBXGroup;
			children = (
				049193691F0B79D700DCD7F2 /* MBProgressHUD.h */,
				0491936A1F0B79D700DCD7F2 /* MBProgressHUD.m */,
				049193531F0B6D1D00DCD7F2 /* CommonUtility.h */,
				049193541F0B6D1D00DCD7F2 /* CommonUtility.m */,
				049193551F0B6D1D00DCD7F2 /* ErrorInfoUtility.h */,
				049193561F0B6D1D00DCD7F2 /* ErrorInfoUtility.m */,
				049193571F0B6D1D00DCD7F2 /* PureLayout */,
				049193611F0B6D1D00DCD7F2 /* UIView+Toast.h */,
				049193621F0B6D1D00DCD7F2 /* UIView+Toast.m */,
			);
			path = Utility;
			sourceTree = "<group>";
		};
		049193571F0B6D1D00DCD7F2 /* PureLayout */ = {
			isa = PBXGroup;
			children = (
				049193581F0B6D1D00DCD7F2 /* ALView+PureLayout.h */,
				049193591F0B6D1D00DCD7F2 /* ALView+PureLayout.m */,
				0491935A1F0B6D1D00DCD7F2 /* NSArray+PureLayout.h */,
				0491935B1F0B6D1D00DCD7F2 /* NSArray+PureLayout.m */,
				0491935C1F0B6D1D00DCD7F2 /* NSLayoutConstraint+PureLayout.h */,
				0491935D1F0B6D1D00DCD7F2 /* NSLayoutConstraint+PureLayout.m */,
				0491935E1F0B6D1D00DCD7F2 /* PureLayout+Internal.h */,
				0491935F1F0B6D1D00DCD7F2 /* PureLayout.h */,
				049193601F0B6D1D00DCD7F2 /* PureLayoutDefines.h */,
			);
			path = PureLayout;
			sourceTree = "<group>";
		};
		049193721F0C920700DCD7F2 /* Tip */ = {
			isa = PBXGroup;
			children = (
				0491936C1F0C781200DCD7F2 /* DYTipViewController.h */,
				0491936D1F0C781200DCD7F2 /* DYTipViewController.m */,
				0491936F1F0C8E9D00DCD7F2 /* DYTipAnnotation.h */,
				049193701F0C8E9D00DCD7F2 /* DYTipAnnotation.m */,
			);
			name = Tip;
			sourceTree = "<group>";
		};
		049193731F0C921400DCD7F2 /* POI */ = {
			isa = PBXGroup;
			children = (
				0491934F1F0B31BC00DCD7F2 /* DYPOISearchViewController.h */,
				049193501F0B31BC00DCD7F2 /* DYPOISearchViewController.m */,
			);
			name = POI;
			sourceTree = "<group>";
		};
		049193741F0C922100DCD7F2 /* Fence */ = {
			isa = PBXGroup;
			children = (
				04BE6FB31F09E481006F5ADA /* DYFenceViewController.h */,
				04BE6FB41F09E481006F5ADA /* DYFenceViewController.m */,
			);
			name = Fence;
			sourceTree = "<group>";
		};
		049193751F0C922D00DCD7F2 /* Location */ = {
			isa = PBXGroup;
			children = (
				04BE6FB61F09EED1006F5ADA /* DYLocationManager.h */,
				04BE6FB71F09EED1006F5ADA /* DYLocationManager.m */,
			);
			name = Location;
			sourceTree = "<group>";
		};
		049193761F0C980600DCD7F2 /* Geo */ = {
			isa = PBXGroup;
			children = (
				049193771F0C982900DCD7F2 /* DYGeoViewController.h */,
				049193781F0C982900DCD7F2 /* DYGeoViewController.m */,
				0491937A1F0CCE0C00DCD7F2 /* DYInvertGeoViewController.h */,
				0491937B1F0CCE0C00DCD7F2 /* DYInvertGeoViewController.m */,
				0491937D1F0CF47300DCD7F2 /* DYReGeoDetailViewController.h */,
				0491937E1F0CF47300DCD7F2 /* DYReGeoDetailViewController.m */,
			);
			name = Geo;
			sourceTree = "<group>";
		};
		049193801F0E283B00DCD7F2 /* model */ = {
			isa = PBXGroup;
			children = (
				049193811F0E283B00DCD7F2 /* LineDashPolyline.h */,
				049193821F0E283B00DCD7F2 /* LineDashPolyline.m */,
				049193831F0E283B00DCD7F2 /* MANaviAnnotation.h */,
				049193841F0E283B00DCD7F2 /* MANaviAnnotation.m */,
				049193851F0E283B00DCD7F2 /* MANaviPolyline.h */,
				049193861F0E283B00DCD7F2 /* MANaviPolyline.m */,
				049193871F0E283B00DCD7F2 /* MANaviRoute.h */,
				049193881F0E283B00DCD7F2 /* MANaviRoute.m */,
			);
			path = model;
			sourceTree = "<group>";
		};
		0491938D1F1D9BE100DCD7F2 /* File */ = {
			isa = PBXGroup;
			children = (
				0491938E1F1D9BFF00DCD7F2 /* DYFileViewController.h */,
				0491938F1F1D9BFF00DCD7F2 /* DYFileViewController.m */,
			);
			name = File;
			sourceTree = "<group>";
		};
		04F816181F09C9D600D43A7C = {
			isa = PBXGroup;
			children = (
				04F816231F09C9D700D43A7C /* ZucheDemo */,
				04F8163D1F09C9D700D43A7C /* ZucheDemoTests */,
				04F816481F09C9D700D43A7C /* ZucheDemoUITests */,
				04F816221F09C9D700D43A7C /* Products */,
				395EC262298144C5854F11F2 /* Pods */,
				9F0C2FA37BC032E50953E0D3 /* Frameworks */,
			);
			sourceTree = "<group>";
		};
		04F816221F09C9D700D43A7C /* Products */ = {
			isa = PBXGroup;
			children = (
				04F816211F09C9D700D43A7C /* ZucheDemo.app */,
				04F8163A1F09C9D700D43A7C /* ZucheDemoTests.xctest */,
				04F816451F09C9D700D43A7C /* ZucheDemoUITests.xctest */,
			);
			name = Products;
			sourceTree = "<group>";
		};
		04F816231F09C9D700D43A7C /* ZucheDemo */ = {
			isa = PBXGroup;
			children = (
				E467E15A1F17543D00D3A310 /* ZucheDemo.entitlements */,
				04F816271F09C9D700D43A7C /* AppDelegate.h */,
				04F816281F09C9D700D43A7C /* AppDelegate.m */,
				04F8162A1F09C9D700D43A7C /* ViewController.h */,
				04F8162B1F09C9D700D43A7C /* ViewController.m */,
				04F8162D1F09C9D700D43A7C /* Main.storyboard */,
				04F816301F09C9D700D43A7C /* Assets.xcassets */,
				04F816321F09C9D700D43A7C /* LaunchScreen.storyboard */,
				04F816351F09C9D700D43A7C /* Info.plist */,
				04F816241F09C9D700D43A7C /* Supporting Files */,
				045DDA851F09CED900F62FB6 /* PrefixHeader.pch */,
				0491938D1F1D9BE100DCD7F2 /* File */,
				E467E1561F17008900D3A310 /* Notification */,
				E4542B911F15ACA3001F98C2 /* WebJS */,
				E420C90B1F0F68D500D146B9 /* Navi */,
				E420C9071F0E110900D146B9 /* Route */,
				049193761F0C980600DCD7F2 /* Geo */,
				049193741F0C922100DCD7F2 /* Fence */,
				049193751F0C922D00DCD7F2 /* Location */,
				049193721F0C920700DCD7F2 /* Tip */,
				049193731F0C921400DCD7F2 /* POI */,
				049193521F0B6D1D00DCD7F2 /* Utility */,
			);
			path = ZucheDemo;
			sourceTree = "<group>";
		};
		04F816241F09C9D700D43A7C /* Supporting Files */ = {
			isa = PBXGroup;
			children = (
				E4542B8F1F15AC94001F98C2 /* jsTest.html */,
				04F816251F09C9D700D43A7C /* main.m */,
			);
			name = "Supporting Files";
			sourceTree = "<group>";
		};
		04F8163D1F09C9D700D43A7C /* ZucheDemoTests */ = {
			isa = PBXGroup;
			children = (
				04F8163E1F09C9D700D43A7C /* ZucheDemoTests.m */,
				04F816401F09C9D700D43A7C /* Info.plist */,
			);
			path = ZucheDemoTests;
			sourceTree = "<group>";
		};
		04F816481F09C9D700D43A7C /* ZucheDemoUITests */ = {
			isa = PBXGroup;
			children = (
				04F816491F09C9D700D43A7C /* ZucheDemoUITests.m */,
				04F8164B1F09C9D700D43A7C /* Info.plist */,
			);
			path = ZucheDemoUITests;
			sourceTree = "<group>";
		};
		395EC262298144C5854F11F2 /* Pods */ = {
			isa = PBXGroup;
			children = (
				3FC52D66966C8E5B6E9DB231 /* Pods-ZucheDemo.debug.xcconfig */,
				B073A2567E70681EC1F81685 /* Pods-ZucheDemo.release.xcconfig */,
			);
			name = Pods;
			sourceTree = "<group>";
		};
		9F0C2FA37BC032E50953E0D3 /* Frameworks */ = {
			isa = PBXGroup;
			children = (
				5CEEFF25675C20D103C0021C /* libPods-ZucheDemo.a */,
			);
			name = Frameworks;
			sourceTree = "<group>";
		};
		E420C9071F0E110900D146B9 /* Route */ = {
			isa = PBXGroup;
			children = (
				049193801F0E283B00DCD7F2 /* model */,
				E420C9081F0E112D00D146B9 /* DYRouteViewController.h */,
				E420C9091F0E112D00D146B9 /* DYRouteViewController.m */,
			);
			name = Route;
			sourceTree = "<group>";
		};
		E420C90B1F0F68D500D146B9 /* Navi */ = {
			isa = PBXGroup;
			children = (
				E420C90F1F0F8CA800D146B9 /* SpeechSynthesizer.h */,
				E420C9101F0F8CA800D146B9 /* SpeechSynthesizer.m */,
				E420C90C1F0F691B00D146B9 /* DYNaviViewController.h */,
				E420C90D1F0F691B00D146B9 /* DYNaviViewController.m */,
				E4542B8A1F131486001F98C2 /* DYMoreView.xib */,
				E4542B8C1F1316F3001F98C2 /* DYMoreMenuView.h */,
				E4542B8D1F1316F3001F98C2 /* DYMoreMenuView.m */,
			);
			name = Navi;
			sourceTree = "<group>";
		};
		E4542B911F15ACA3001F98C2 /* WebJS */ = {
			isa = PBXGroup;
			children = (
				E4542B921F15AD14001F98C2 /* DYWebViewController.h */,
				E4542B931F15AD14001F98C2 /* DYWebViewController.m */,
				E4542B951F15B2A5001F98C2 /* DYJSObject.h */,
				E4542B961F15B2A5001F98C2 /* DYJSObject.m */,
				E4542B981F1613E1001F98C2 /* NSObject+JSContext.h */,
				E4542B991F1613E1001F98C2 /* NSObject+JSContext.m */,
			);
			name = WebJS;
			sourceTree = "<group>";
		};
		E467E1561F17008900D3A310 /* Notification */ = {
			isa = PBXGroup;
			children = (
				E467E1571F17011C00D3A310 /* DYNotificationViewController.h */,
				E467E1581F17011C00D3A310 /* DYNotificationViewController.m */,
			);
			name = Notification;
			sourceTree = "<group>";
		};
/* End PBXGroup section */

/* Begin PBXNativeTarget section */
		04F816201F09C9D600D43A7C /* ZucheDemo */ = {
			isa = PBXNativeTarget;
			buildConfigurationList = 04F8164E1F09C9D700D43A7C /* Build configuration list for PBXNativeTarget "ZucheDemo" */;
			buildPhases = (
				D85A8EB99DAF4AA77F2E2905 /* [CP] Check Pods Manifest.lock */,
				04F8161D1F09C9D600D43A7C /* Sources */,
				04F8161E1F09C9D600D43A7C /* Frameworks */,
				04F8161F1F09C9D600D43A7C /* Resources */,
				B67242BC9CB7C2BBC705B06C /* [CP] Embed Pods Frameworks */,
				74C2F7DD183532668AADCE5B /* [CP] Copy Pods Resources */,
			);
			buildRules = (
			);
			dependencies = (
			);
			name = ZucheDemo;
			productName = ZucheDemo;
			productReference = 04F816211F09C9D700D43A7C /* ZucheDemo.app */;
			productType = "com.apple.product-type.application";
		};
		04F816391F09C9D700D43A7C /* ZucheDemoTests */ = {
			isa = PBXNativeTarget;
			buildConfigurationList = 04F816511F09C9D700D43A7C /* Build configuration list for PBXNativeTarget "ZucheDemoTests" */;
			buildPhases = (
				04F816361F09C9D700D43A7C /* Sources */,
				04F816371F09C9D700D43A7C /* Frameworks */,
				04F816381F09C9D700D43A7C /* Resources */,
			);
			buildRules = (
			);
			dependencies = (
				04F8163C1F09C9D700D43A7C /* PBXTargetDependency */,
			);
			name = ZucheDemoTests;
			productName = ZucheDemoTests;
			productReference = 04F8163A1F09C9D700D43A7C /* ZucheDemoTests.xctest */;
			productType = "com.apple.product-type.bundle.unit-test";
		};
		04F816441F09C9D700D43A7C /* ZucheDemoUITests */ = {
			isa = PBXNativeTarget;
			buildConfigurationList = 04F816541F09C9D700D43A7C /* Build configuration list for PBXNativeTarget "ZucheDemoUITests" */;
			buildPhases = (
				04F816411F09C9D700D43A7C /* Sources */,
				04F816421F09C9D700D43A7C /* Frameworks */,
				04F816431F09C9D700D43A7C /* Resources */,
			);
			buildRules = (
			);
			dependencies = (
				04F816471F09C9D700D43A7C /* PBXTargetDependency */,
			);
			name = ZucheDemoUITests;
			productName = ZucheDemoUITests;
			productReference = 04F816451F09C9D700D43A7C /* ZucheDemoUITests.xctest */;
			productType = "com.apple.product-type.bundle.ui-testing";
		};
/* End PBXNativeTarget section */

/* Begin PBXProject section */
		04F816191F09C9D600D43A7C /* Project object */ = {
			isa = PBXProject;
			attributes = {
				LastUpgradeCheck = 0820;
				ORGANIZATIONNAME = mac;
				TargetAttributes = {
					04F816201F09C9D600D43A7C = {
						CreatedOnToolsVersion = 8.2;
						DevelopmentTeam = VYH2KESH9R;
						ProvisioningStyle = Automatic;
						SystemCapabilities = {
							com.apple.BackgroundModes = {
								enabled = 1;
							};
							com.apple.Push = {
								enabled = 1;
							};
						};
					};
					04F816391F09C9D700D43A7C = {
						CreatedOnToolsVersion = 8.2;
						DevelopmentTeam = VYH2KESH9R;
						ProvisioningStyle = Automatic;
						TestTargetID = 04F816201F09C9D600D43A7C;
					};
					04F816441F09C9D700D43A7C = {
						CreatedOnToolsVersion = 8.2;
						DevelopmentTeam = VYH2KESH9R;
						ProvisioningStyle = Automatic;
						TestTargetID = 04F816201F09C9D600D43A7C;
					};
				};
			};
			buildConfigurationList = 04F8161C1F09C9D600D43A7C /* Build configuration list for PBXProject "ZucheDemo" */;
			compatibilityVersion = "Xcode 3.2";
			developmentRegion = English;
			hasScannedForEncodings = 0;
			knownRegions = (
				en,
				Base,
			);
			mainGroup = 04F816181F09C9D600D43A7C;
			productRefGroup = 04F816221F09C9D700D43A7C /* Products */;
			projectDirPath = "";
			projectRoot = "";
			targets = (
				04F816201F09C9D600D43A7C /* ZucheDemo */,
				04F816391F09C9D700D43A7C /* ZucheDemoTests */,
				04F816441F09C9D700D43A7C /* ZucheDemoUITests */,
			);
		};
/* End PBXProject section */

/* Begin PBXResourcesBuildPhase section */
		04F8161F1F09C9D600D43A7C /* Resources */ = {
			isa = PBXResourcesBuildPhase;
			buildActionMask = 2147483647;
			files = (
				04F816341F09C9D700D43A7C /* LaunchScreen.storyboard in Resources */,
				E4542B901F15AC94001F98C2 /* jsTest.html in Resources */,
				04F816311F09C9D700D43A7C /* Assets.xcassets in Resources */,
				E4542B8B1F131486001F98C2 /* DYMoreView.xib in Resources */,
				04F8162F1F09C9D700D43A7C /* Main.storyboard in Resources */,
			);
			runOnlyForDeploymentPostprocessing = 0;
		};
		04F816381F09C9D700D43A7C /* Resources */ = {
			isa = PBXResourcesBuildPhase;
			buildActionMask = 2147483647;
			files = (
			);
			runOnlyForDeploymentPostprocessing = 0;
		};
		04F816431F09C9D700D43A7C /* Resources */ = {
			isa = PBXResourcesBuildPhase;
			buildActionMask = 2147483647;
			files = (
			);
			runOnlyForDeploymentPostprocessing = 0;
		};
/* End PBXResourcesBuildPhase section */

/* Begin PBXShellScriptBuildPhase section */
		74C2F7DD183532668AADCE5B /* [CP] Copy Pods Resources */ = {
			isa = PBXShellScriptBuildPhase;
			buildActionMask = 2147483647;
			files = (
			);
			inputPaths = (
			);
			name = "[CP] Copy Pods Resources";
			outputPaths = (
			);
			runOnlyForDeploymentPostprocessing = 0;
			shellPath = /bin/sh;
			shellScript = "\"${SRCROOT}/Pods/Target Support Files/Pods-ZucheDemo/Pods-ZucheDemo-resources.sh\"\n";
			showEnvVarsInLog = 0;
		};
		B67242BC9CB7C2BBC705B06C /* [CP] Embed Pods Frameworks */ = {
			isa = PBXShellScriptBuildPhase;
			buildActionMask = 2147483647;
			files = (
			);
			inputPaths = (
			);
			name = "[CP] Embed Pods Frameworks";
			outputPaths = (
			);
			runOnlyForDeploymentPostprocessing = 0;
			shellPath = /bin/sh;
			shellScript = "\"${SRCROOT}/Pods/Target Support Files/Pods-ZucheDemo/Pods-ZucheDemo-frameworks.sh\"\n";
			showEnvVarsInLog = 0;
		};
		D85A8EB99DAF4AA77F2E2905 /* [CP] Check Pods Manifest.lock */ = {
			isa = PBXShellScriptBuildPhase;
			buildActionMask = 2147483647;
			files = (
			);
			inputPaths = (
			);
			name = "[CP] Check Pods Manifest.lock";
			outputPaths = (
			);
			runOnlyForDeploymentPostprocessing = 0;
			shellPath = /bin/sh;
			shellScript = "diff \"${PODS_ROOT}/../Podfile.lock\" \"${PODS_ROOT}/Manifest.lock\" > /dev/null\nif [ $? != 0 ] ; then\n    # print error to STDERR\n    echo \"error: The sandbox is not in sync with the Podfile.lock. Run 'pod install' or update your CocoaPods installation.\" >&2\n    exit 1\nfi\n";
			showEnvVarsInLog = 0;
		};
/* End PBXShellScriptBuildPhase section */

/* Begin PBXSourcesBuildPhase section */
		04F8161D1F09C9D600D43A7C /* Sources */ = {
			isa = PBXSourcesBuildPhase;
			buildActionMask = 2147483647;
			files = (
				049193681F0B6D1D00DCD7F2 /* UIView+Toast.m in Sources */,
				E420C9111F0F8CA800D146B9 /* SpeechSynthesizer.m in Sources */,
				04F8162C1F09C9D700D43A7C /* ViewController.m in Sources */,
				E4542B8E1F1316F3001F98C2 /* DYMoreMenuView.m in Sources */,
				04F816291F09C9D700D43A7C /* AppDelegate.m in Sources */,
				049193511F0B31BC00DCD7F2 /* DYPOISearchViewController.m in Sources */,
				04F816261F09C9D700D43A7C /* main.m in Sources */,
				049193671F0B6D1D00DCD7F2 /* NSLayoutConstraint+PureLayout.m in Sources */,
				0491938A1F0E283B00DCD7F2 /* MANaviAnnotation.m in Sources */,
				049193661F0B6D1D00DCD7F2 /* NSArray+PureLayout.m in Sources */,
				E4542B941F15AD14001F98C2 /* DYWebViewController.m in Sources */,
				049193791F0C982900DCD7F2 /* DYGeoViewController.m in Sources */,
				E467E1591F17011C00D3A310 /* DYNotificationViewController.m in Sources */,
				0491938B1F0E283B00DCD7F2 /* MANaviPolyline.m in Sources */,
				049193651F0B6D1D00DCD7F2 /* ALView+PureLayout.m in Sources */,
				04BE6FB81F09EED1006F5ADA /* DYLocationManager.m in Sources */,
				0491936B1F0B79D700DCD7F2 /* MBProgressHUD.m in Sources */,
				E4542B971F15B2A5001F98C2 /* DYJSObject.m in Sources */,
				049193711F0C8E9D00DCD7F2 /* DYTipAnnotation.m in Sources */,
				049193901F1D9BFF00DCD7F2 /* DYFileViewController.m in Sources */,
				0491937C1F0CCE0C00DCD7F2 /* DYInvertGeoViewController.m in Sources */,
				04BE6FB51F09E481006F5ADA /* DYFenceViewController.m in Sources */,
				E420C90A1F0E112D00D146B9 /* DYRouteViewController.m in Sources */,
				E4542B9A1F1613E1001F98C2 /* NSObject+JSContext.m in Sources */,
				0491938C1F0E283B00DCD7F2 /* MANaviRoute.m in Sources */,
				0491936E1F0C781200DCD7F2 /* DYTipViewController.m in Sources */,
				E420C90E1F0F691B00D146B9 /* DYNaviViewController.m in Sources */,
				049193631F0B6D1D00DCD7F2 /* CommonUtility.m in Sources */,
				049193891F0E283B00DCD7F2 /* LineDashPolyline.m in Sources */,
				049193641F0B6D1D00DCD7F2 /* ErrorInfoUtility.m in Sources */,
				0491937F1F0CF47300DCD7F2 /* DYReGeoDetailViewController.m in Sources */,
			);
			runOnlyForDeploymentPostprocessing = 0;
		};
		04F816361F09C9D700D43A7C /* Sources */ = {
			isa = PBXSourcesBuildPhase;
			buildActionMask = 2147483647;
			files = (
				04F8163F1F09C9D700D43A7C /* ZucheDemoTests.m in Sources */,
			);
			runOnlyForDeploymentPostprocessing = 0;
		};
		04F816411F09C9D700D43A7C /* Sources */ = {
			isa = PBXSourcesBuildPhase;
			buildActionMask = 2147483647;
			files = (
				04F8164A1F09C9D700D43A7C /* ZucheDemoUITests.m in Sources */,
			);
			runOnlyForDeploymentPostprocessing = 0;
		};
/* End PBXSourcesBuildPhase section */

/* Begin PBXTargetDependency section */
		04F8163C1F09C9D700D43A7C /* PBXTargetDependency */ = {
			isa = PBXTargetDependency;
			target = 04F816201F09C9D600D43A7C /* ZucheDemo */;
			targetProxy = 04F8163B1F09C9D700D43A7C /* PBXContainerItemProxy */;
		};
		04F816471F09C9D700D43A7C /* PBXTargetDependency */ = {
			isa = PBXTargetDependency;
			target = 04F816201F09C9D600D43A7C /* ZucheDemo */;
			targetProxy = 04F816461F09C9D700D43A7C /* PBXContainerItemProxy */;
		};
/* End PBXTargetDependency section */

/* Begin PBXVariantGroup section */
		04F8162D1F09C9D700D43A7C /* Main.storyboard */ = {
			isa = PBXVariantGroup;
			children = (
				04F8162E1F09C9D700D43A7C /* Base */,
			);
			name = Main.storyboard;
			sourceTree = "<group>";
		};
		04F816321F09C9D700D43A7C /* LaunchScreen.storyboard */ = {
			isa = PBXVariantGroup;
			children = (
				04F816331F09C9D700D43A7C /* Base */,
			);
			name = LaunchScreen.storyboard;
			sourceTree = "<group>";
		};
/* End PBXVariantGroup section */

/* Begin XCBuildConfiguration section */
		04F8164C1F09C9D700D43A7C /* Debug */ = {
			isa = XCBuildConfiguration;
			buildSettings = {
				ALWAYS_SEARCH_USER_PATHS = NO;
				CLANG_ANALYZER_NONNULL = YES;
				CLANG_CXX_LANGUAGE_STANDARD = "gnu++0x";
				CLANG_CXX_LIBRARY = "libc++";
				CLANG_ENABLE_MODULES = YES;
				CLANG_ENABLE_OBJC_ARC = YES;
				CLANG_WARN_BOOL_CONVERSION = YES;
				CLANG_WARN_CONSTANT_CONVERSION = YES;
				CLANG_WARN_DIRECT_OBJC_ISA_USAGE = YES_ERROR;
				CLANG_WARN_DOCUMENTATION_COMMENTS = YES;
				CLANG_WARN_EMPTY_BODY = YES;
				CLANG_WARN_ENUM_CONVERSION = YES;
				CLANG_WARN_INFINITE_RECURSION = YES;
				CLANG_WARN_INT_CONVERSION = YES;
				CLANG_WARN_OBJC_ROOT_CLASS = YES_ERROR;
				CLANG_WARN_SUSPICIOUS_MOVE = YES;
				CLANG_WARN_UNREACHABLE_CODE = YES;
				CLANG_WARN__DUPLICATE_METHOD_MATCH = YES;
				"CODE_SIGN_IDENTITY[sdk=iphoneos*]" = "iPhone Developer";
				COPY_PHASE_STRIP = NO;
				DEBUG_INFORMATION_FORMAT = dwarf;
				ENABLE_STRICT_OBJC_MSGSEND = YES;
				ENABLE_TESTABILITY = YES;
				GCC_C_LANGUAGE_STANDARD = gnu99;
				GCC_DYNAMIC_NO_PIC = NO;
				GCC_NO_COMMON_BLOCKS = YES;
				GCC_OPTIMIZATION_LEVEL = 0;
				GCC_PREPROCESSOR_DEFINITIONS = (
					"DEBUG=1",
					"$(inherited)",
				);
				GCC_WARN_64_TO_32_BIT_CONVERSION = YES;
				GCC_WARN_ABOUT_RETURN_TYPE = YES_ERROR;
				GCC_WARN_UNDECLARED_SELECTOR = YES;
				GCC_WARN_UNINITIALIZED_AUTOS = YES_AGGRESSIVE;
				GCC_WARN_UNUSED_FUNCTION = YES;
				GCC_WARN_UNUSED_VARIABLE = YES;
				IPHONEOS_DEPLOYMENT_TARGET = 10.2;
				MTL_ENABLE_DEBUG_INFO = YES;
				ONLY_ACTIVE_ARCH = YES;
				SDKROOT = iphoneos;
				TARGETED_DEVICE_FAMILY = "1,2";
			};
			name = Debug;
		};
		04F8164D1F09C9D700D43A7C /* Release */ = {
			isa = XCBuildConfiguration;
			buildSettings = {
				ALWAYS_SEARCH_USER_PATHS = NO;
				CLANG_ANALYZER_NONNULL = YES;
				CLANG_CXX_LANGUAGE_STANDARD = "gnu++0x";
				CLANG_CXX_LIBRARY = "libc++";
				CLANG_ENABLE_MODULES = YES;
				CLANG_ENABLE_OBJC_ARC = YES;
				CLANG_WARN_BOOL_CONVERSION = YES;
				CLANG_WARN_CONSTANT_CONVERSION = YES;
				CLANG_WARN_DIRECT_OBJC_ISA_USAGE = YES_ERROR;
				CLANG_WARN_DOCUMENTATION_COMMENTS = YES;
				CLANG_WARN_EMPTY_BODY = YES;
				CLANG_WARN_ENUM_CONVERSION = YES;
				CLANG_WARN_INFINITE_RECURSION = YES;
				CLANG_WARN_INT_CONVERSION = YES;
				CLANG_WARN_OBJC_ROOT_CLASS = YES_ERROR;
				CLANG_WARN_SUSPICIOUS_MOVE = YES;
				CLANG_WARN_UNREACHABLE_CODE = YES;
				CLANG_WARN__DUPLICATE_METHOD_MATCH = YES;
				"CODE_SIGN_IDENTITY[sdk=iphoneos*]" = "iPhone Developer";
				COPY_PHASE_STRIP = NO;
				DEBUG_INFORMATION_FORMAT = "dwarf-with-dsym";
				ENABLE_NS_ASSERTIONS = NO;
				ENABLE_STRICT_OBJC_MSGSEND = YES;
				GCC_C_LANGUAGE_STANDARD = gnu99;
				GCC_NO_COMMON_BLOCKS = YES;
				GCC_WARN_64_TO_32_BIT_CONVERSION = YES;
				GCC_WARN_ABOUT_RETURN_TYPE = YES_ERROR;
				GCC_WARN_UNDECLARED_SELECTOR = YES;
				GCC_WARN_UNINITIALIZED_AUTOS = YES_AGGRESSIVE;
				GCC_WARN_UNUSED_FUNCTION = YES;
				GCC_WARN_UNUSED_VARIABLE = YES;
				IPHONEOS_DEPLOYMENT_TARGET = 10.2;
				MTL_ENABLE_DEBUG_INFO = NO;
				SDKROOT = iphoneos;
				TARGETED_DEVICE_FAMILY = "1,2";
				VALIDATE_PRODUCT = YES;
			};
			name = Release;
		};
		04F8164F1F09C9D700D43A7C /* Debug */ = {
			isa = XCBuildConfiguration;
			baseConfigurationReference = 3FC52D66966C8E5B6E9DB231 /* Pods-ZucheDemo.debug.xcconfig */;
			buildSettings = {
				ASSETCATALOG_COMPILER_APPICON_NAME = AppIcon;
				CODE_SIGN_ENTITLEMENTS = ZucheDemo/ZucheDemo.entitlements;
				DEVELOPMENT_TEAM = VYH2KESH9R;
				GCC_PRECOMPILE_PREFIX_HEADER = YES;
				GCC_PREFIX_HEADER = "$(SRCROOT)/ZucheDemo/PrefixHeader.pch";
				INFOPLIST_FILE = ZucheDemo/Info.plist;
				LD_RUNPATH_SEARCH_PATHS = "$(inherited) @executable_path/Frameworks";
				PRODUCT_BUNDLE_IDENTIFIER = com.LDY.ZucheDemo;
				PRODUCT_NAME = "$(TARGET_NAME)";
			};
			name = Debug;
		};
		04F816501F09C9D700D43A7C /* Release */ = {
			isa = XCBuildConfiguration;
			baseConfigurationReference = B073A2567E70681EC1F81685 /* Pods-ZucheDemo.release.xcconfig */;
			buildSettings = {
				ASSETCATALOG_COMPILER_APPICON_NAME = AppIcon;
				CODE_SIGN_ENTITLEMENTS = ZucheDemo/ZucheDemo.entitlements;
				DEVELOPMENT_TEAM = VYH2KESH9R;
				GCC_PRECOMPILE_PREFIX_HEADER = YES;
				GCC_PREFIX_HEADER = "$(SRCROOT)/ZucheDemo/PrefixHeader.pch";
				INFOPLIST_FILE = ZucheDemo/Info.plist;
				LD_RUNPATH_SEARCH_PATHS = "$(inherited) @executable_path/Frameworks";
				PRODUCT_BUNDLE_IDENTIFIER = com.LDY.ZucheDemo;
				PRODUCT_NAME = "$(TARGET_NAME)";
			};
			name = Release;
		};
		04F816521F09C9D700D43A7C /* Debug */ = {
			isa = XCBuildConfiguration;
			buildSettings = {
				BUNDLE_LOADER = "$(TEST_HOST)";
				DEVELOPMENT_TEAM = VYH2KESH9R;
				INFOPLIST_FILE = ZucheDemoTests/Info.plist;
				LD_RUNPATH_SEARCH_PATHS = "$(inherited) @executable_path/Frameworks @loader_path/Frameworks";
				PRODUCT_BUNDLE_IDENTIFIER = com.LDY.ZucheDemoTests;
				PRODUCT_NAME = "$(TARGET_NAME)";
				TEST_HOST = "$(BUILT_PRODUCTS_DIR)/ZucheDemo.app/ZucheDemo";
			};
			name = Debug;
		};
		04F816531F09C9D700D43A7C /* Release */ = {
			isa = XCBuildConfiguration;
			buildSettings = {
				BUNDLE_LOADER = "$(TEST_HOST)";
				DEVELOPMENT_TEAM = VYH2KESH9R;
				INFOPLIST_FILE = ZucheDemoTests/Info.plist;
				LD_RUNPATH_SEARCH_PATHS = "$(inherited) @executable_path/Frameworks @loader_path/Frameworks";
				PRODUCT_BUNDLE_IDENTIFIER = com.LDY.ZucheDemoTests;
				PRODUCT_NAME = "$(TARGET_NAME)";
				TEST_HOST = "$(BUILT_PRODUCTS_DIR)/ZucheDemo.app/ZucheDemo";
			};
			name = Release;
		};
		04F816551F09C9D700D43A7C /* Debug */ = {
			isa = XCBuildConfiguration;
			buildSettings = {
				DEVELOPMENT_TEAM = VYH2KESH9R;
				INFOPLIST_FILE = ZucheDemoUITests/Info.plist;
				LD_RUNPATH_SEARCH_PATHS = "$(inherited) @executable_path/Frameworks @loader_path/Frameworks";
				PRODUCT_BUNDLE_IDENTIFIER = com.LDY.ZucheDemoUITests;
				PRODUCT_NAME = "$(TARGET_NAME)";
				TEST_TARGET_NAME = ZucheDemo;
			};
			name = Debug;
		};
		04F816561F09C9D700D43A7C /* Release */ = {
			isa = XCBuildConfiguration;
			buildSettings = {
				DEVELOPMENT_TEAM = VYH2KESH9R;
				INFOPLIST_FILE = ZucheDemoUITests/Info.plist;
				LD_RUNPATH_SEARCH_PATHS = "$(inherited) @executable_path/Frameworks @loader_path/Frameworks";
				PRODUCT_BUNDLE_IDENTIFIER = com.LDY.ZucheDemoUITests;
				PRODUCT_NAME = "$(TARGET_NAME)";
				TEST_TARGET_NAME = ZucheDemo;
			};
			name = Release;
		};
/* End XCBuildConfiguration section */

/* Begin XCConfigurationList section */
		04F8161C1F09C9D600D43A7C /* Build configuration list for PBXProject "ZucheDemo" */ = {
			isa = XCConfigurationList;
			buildConfigurations = (
				04F8164C1F09C9D700D43A7C /* Debug */,
				04F8164D1F09C9D700D43A7C /* Release */,
			);
			defaultConfigurationIsVisible = 0;
			defaultConfigurationName = Release;
		};
		04F8164E1F09C9D700D43A7C /* Build configuration list for PBXNativeTarget "ZucheDemo" */ = {
			isa = XCConfigurationList;
			buildConfigurations = (
				04F8164F1F09C9D700D43A7C /* Debug */,
				04F816501F09C9D700D43A7C /* Release */,
			);
			defaultConfigurationIsVisible = 0;
			defaultConfigurationName = Release;
		};
		04F816511F09C9D700D43A7C /* Build configuration list for PBXNativeTarget "ZucheDemoTests" */ = {
			isa = XCConfigurationList;
			buildConfigurations = (
				04F816521F09C9D700D43A7C /* Debug */,
				04F816531F09C9D700D43A7C /* Release */,
			);
			defaultConfigurationIsVisible = 0;
			defaultConfigurationName = Release;
		};
		04F816541F09C9D700D43A7C /* Build configuration list for PBXNativeTarget "ZucheDemoUITests" */ = {
			isa = XCConfigurationList;
			buildConfigurations = (
				04F816551F09C9D700D43A7C /* Debug */,
				04F816561F09C9D700D43A7C /* Release */,
			);
			defaultConfigurationIsVisible = 0;
			defaultConfigurationName = Release;
		};
/* End XCConfigurationList section */
	};
	rootObject = 04F816191F09C9D600D43A7C /* Project object */;
}
